github.com/lubeso/hugo-theme-base v0.1.18 h1:g7kFSwM3AqwjcanV4kk4DjyZtaUALDFrk3L3/beLITg=
github.com/lubeso/hugo-theme-base v0.1.18/go.mod h1:1/DIVafdefGa0QpJ02YYJpcBlDhQ3DGBniN6FL8+NQU=
github.com/lubeso/hugo-theme-base v0.1.19 h1:0TigldPmgoQURzuJkdpvp+k2ZM09ovVcTK8pwxBtU6Y=
github.com/lubeso/hugo-theme-base v0.1.19/go.mod h1:+o2BkXMmXAZby3stEyqvNP3AKZdkxSPvGjHl7R2W7Xg=
github.com/lubeso/hugo-theme-base v0.1.20 h1:cYpZPNbbw0enWSrEp00TACHhfMY2gXTE2G7rSChQZtA=
github.com/lubeso/hugo-theme-base v0.1.20/go.mod h1:VQJyi9O0c/W6ExJGiijFyY+0u6K6UVQ9XKvWBpV7JIk=
github.com/lubeso/hugo-theme-base v0.1.21 h1:lAzA9rq1ijMoFb+Msqy+7U52iueUiMXa0YwObbEtm9A=
github.com/lubeso/hugo-theme-base v0.1.21/go.mod h1:fszR0tdjxPCgy7AorTPl/KFFZRXIeFYcnBIlVn17vNg=
