github.com/lubeso/hugo-theme-base v0.1.15 h1:vEZ+3nD0qZqEuS+M0Jba58NBZ7hWxu1hwXqP/mEYMJ8=
github.com/lubeso/hugo-theme-base v0.1.15/go.mod h1:TbzscBCVNJ7YMXDf1fq/IY2DHlZwbIVYPBjhKIyzwgE=
github.com/lubeso/hugo-theme-base v0.1.16 h1:2fcjGX1Y2FaQs6TtAk46u1TmZdpk0rGclgXL5v19/yM=
github.com/lubeso/hugo-theme-base v0.1.16/go.mod h1:2qCwFs7Oal9uIo2lF8QJxwPq6LQXSm1sD1wET9sbiWo=
